
Microsoft Visual Studio Solution File, Format Version 12.00
Project("{FAE04EC0-301F-11D3-BF4B-00C04F79EFBC}") = "CyrillicFontPatch", "CyrillicFontPatch\CyrillicFontPatch.csproj", "{B0BE4D8D-E887-4762-BE67-B221A7EF1F31}"
EndProject
Global
	GlobalSection(SolutionConfigurationPlatforms) = preSolution
		Debug|Any CPU = Debug|Any CPU
		Release|Any CPU = Release|Any CPU
	EndGlobalSection
	GlobalSection(ProjectConfigurationPlatforms) = postSolution
		{B0BE4D8D-E887-4762-BE67-B221A7EF1F31}.Debug|Any CPU.ActiveCfg = Debug|Any CPU
		{B0BE4D8D-E887-4762-BE67-B221A7EF1F31}.Debug|Any CPU.Build.0 = Debug|Any CPU
		{B0BE4D8D-E887-4762-BE67-B221A7EF1F31}.Release|Any CPU.ActiveCfg = Release|Any CPU
		{B0BE4D8D-E887-4762-BE67-B221A7EF1F31}.Release|Any CPU.Build.0 = Release|Any CPU
	EndGlobalSection
EndGlobal
