
Microsoft Visual Studio Solution File, Format Version 12.00
Project("{FAE04EC0-301F-11D3-BF4B-00C04F79EFBC}") = "MoveableSpawners", "MoveableSpawners\MoveableSpawners.csproj", "{BF62A8BD-30A6-41BD-A930-896D8F1E5799}"
EndProject
Global
	GlobalSection(SolutionConfigurationPlatforms) = preSolution
		Debug|Any CPU = Debug|Any CPU
		Release|Any CPU = Release|Any CPU
	EndGlobalSection
	GlobalSection(ProjectConfigurationPlatforms) = postSolution
		{BF62A8BD-30A6-41BD-A930-896D8F1E5799}.Debug|Any CPU.ActiveCfg = Debug|Any CPU
		{BF62A8BD-30A6-41BD-A930-896D8F1E5799}.Debug|Any CPU.Build.0 = Debug|Any CPU
		{BF62A8BD-30A6-41BD-A930-896D8F1E5799}.Release|Any CPU.ActiveCfg = Release|Any CPU
		{BF62A8BD-30A6-41BD-A930-896D8F1E5799}.Release|Any CPU.Build.0 = Release|Any CPU
	EndGlobalSection
EndGlobal
