
Microsoft Visual Studio Solution File, Format Version 12.00
Project("{FAE04EC0-301F-11D3-BF4B-00C04F79EFBC}") = "InfiniteOreBoulder", "InfiniteOreBoulder\InfiniteOreBoulder.csproj", "{969F4DF9-445D-4382-9607-0A7D8F7261F7}"
EndProject
Global
	GlobalSection(SolutionConfigurationPlatforms) = preSolution
		Release|Any CPU = Release|Any CPU
	EndGlobalSection
	GlobalSection(ProjectConfigurationPlatforms) = postSolution
		{969F4DF9-445D-4382-9607-0A7D8F7261F7}.Release|Any CPU.ActiveCfg = Release|Any CPU
		{969F4DF9-445D-4382-9607-0A7D8F7261F7}.Release|Any CPU.Build.0 = Release|Any CPU
	EndGlobalSection
EndGlobal
